
Microsoft Visual Studio Solution File, Format Version 12.00
# Visual Studio Version 17
VisualStudioVersion = 17.7.34003.232
MinimumVisualStudioVersion = 10.0.40219.1
Project("{FAE04EC0-301F-11D3-BF4B-00C04F79EFBC}") = "FileExplorerApp", "FileExplorerApp.csproj", "{A08F391E-2070-4DE8-87D9-CED3E0A05AE9}"
EndProject
Global
	GlobalSection(SolutionConfigurationPlatforms) = preSolution
		Debug|Any CPU = Debug|Any CPU
		Release|Any CPU = Release|Any CPU
	EndGlobalSection
	GlobalSection(ProjectConfigurationPlatforms) = postSolution
		{A08F391E-2070-4DE8-87D9-CED3E0A05AE9}.Debug|Any CPU.ActiveCfg = Debug|Any CPU
		{A08F391E-2070-4DE8-87D9-CED3E0A05AE9}.Debug|Any CPU.Build.0 = Debug|Any CPU
		{A08F391E-2070-4DE8-87D9-CED3E0A05AE9}.Release|Any CPU.ActiveCfg = Release|Any CPU
		{A08F391E-2070-4DE8-87D9-CED3E0A05AE9}.Release|Any CPU.Build.0 = Release|Any CPU
	EndGlobalSection
	GlobalSection(SolutionProperties) = preSolution
		HideSolutionNode = FALSE
	EndGlobalSection
	GlobalSection(ExtensibilityGlobals) = postSolution
		SolutionGuid = {8F48BCB7-F418-4A32-9C88-6124323FDA8D}
	EndGlobalSection
EndGlobal
